
Microsoft Visual Studio Solution File, Format Version 12.00
# Visual Studio Version 17
VisualStudioVersion = 17.9.34622.214
MinimumVisualStudioVersion = 10.0.40219.1
Project("{888888A0-9F3D-457C-B088-3A5042F75D52}") = "FormularioP_Practica04", "FormularioP_Practica04\FormularioP_Practica04.pyproj", "{782EB42A-B684-4414-A28C-E00517D1F654}"
EndProject
Global
	GlobalSection(SolutionConfigurationPlatforms) = preSolution
		Debug|Any CPU = Debug|Any CPU
		Release|Any CPU = Release|Any CPU
	EndGlobalSection
	GlobalSection(ProjectConfigurationPlatforms) = postSolution
		{782EB42A-B684-4414-A28C-E00517D1F654}.Debug|Any CPU.ActiveCfg = Debug|Any CPU
		{782EB42A-B684-4414-A28C-E00517D1F654}.Release|Any CPU.ActiveCfg = Release|Any CPU
	EndGlobalSection
	GlobalSection(SolutionProperties) = preSolution
		HideSolutionNode = FALSE
	EndGlobalSection
	GlobalSection(ExtensibilityGlobals) = postSolution
		SolutionGuid = {0A3978A0-C94F-4E8B-8F9F-880813C22C7F}
	EndGlobalSection
EndGlobal
